
Microsoft Visual Studio Solution File, Format Version 12.00
# Visual Studio 2015
Project("{FAE04EC0-301F-11D3-BF4B-00C04F79EFBC}") = "TowerDefence-orign.CSharp.Plugins", "TowerDefence-orign.CSharp.Plugins.csproj", "{70C7E3EE-E7AD-F8E9-C46E-FB5872BB6554}"
EndProject
Project("{FAE04EC0-301F-11D3-BF4B-00C04F79EFBC}") = "TowerDefence-orign.CSharp", "TowerDefence-orign.CSharp.csproj", "{C92579D6-DA19-F4EB-1301-453ED38385EB}"
EndProject
Project("{FAE04EC0-301F-11D3-BF4B-00C04F79EFBC}") = "TowerDefence-orign.CSharp.Editor", "TowerDefence-orign.CSharp.Editor.csproj", "{A3630254-9024-102C-F1A9-CAD1C207F54B}"
EndProject
Global
	GlobalSection(SolutionConfigurationPlatforms) = preSolution
		Debug|Any CPU = Debug|Any CPU
		Release|Any CPU = Release|Any CPU
	EndGlobalSection
	GlobalSection(ProjectConfigurationPlatforms) = postSolution
		{70C7E3EE-E7AD-F8E9-C46E-FB5872BB6554}.Debug|Any CPU.ActiveCfg = Debug|Any CPU
		{70C7E3EE-E7AD-F8E9-C46E-FB5872BB6554}.Debug|Any CPU.Build.0 = Debug|Any CPU
		{70C7E3EE-E7AD-F8E9-C46E-FB5872BB6554}.Release|Any CPU.ActiveCfg = Release|Any CPU
		{70C7E3EE-E7AD-F8E9-C46E-FB5872BB6554}.Release|Any CPU.Build.0 = Release|Any CPU
		{C92579D6-DA19-F4EB-1301-453ED38385EB}.Debug|Any CPU.ActiveCfg = Debug|Any CPU
		{C92579D6-DA19-F4EB-1301-453ED38385EB}.Debug|Any CPU.Build.0 = Debug|Any CPU
		{C92579D6-DA19-F4EB-1301-453ED38385EB}.Release|Any CPU.ActiveCfg = Release|Any CPU
		{C92579D6-DA19-F4EB-1301-453ED38385EB}.Release|Any CPU.Build.0 = Release|Any CPU
		{A3630254-9024-102C-F1A9-CAD1C207F54B}.Debug|Any CPU.ActiveCfg = Debug|Any CPU
		{A3630254-9024-102C-F1A9-CAD1C207F54B}.Debug|Any CPU.Build.0 = Debug|Any CPU
		{A3630254-9024-102C-F1A9-CAD1C207F54B}.Release|Any CPU.ActiveCfg = Release|Any CPU
		{A3630254-9024-102C-F1A9-CAD1C207F54B}.Release|Any CPU.Build.0 = Release|Any CPU
	EndGlobalSection
	GlobalSection(SolutionProperties) = preSolution
		HideSolutionNode = FALSE
	EndGlobalSection
EndGlobal
